
Microsoft Visual Studio Solution File, Format Version 12.00
# Visual Studio Version 17
VisualStudioVersion = 17.6.33829.357
MinimumVisualStudioVersion = 10.0.40219.1
Project("{2150E333-8FDC-42A3-9474-1A3956D46DE8}") = "Core", "Core", "{B3686017-C3A2-44EF-814C-BDCACEA16DF0}"
EndProject
Project("{9A19103F-16F7-4668-BE54-9A1E7A4F7556}") = "ETicaretAPI.Domain", "Core\ETicaretAPI.Domain\ETicaretAPI.Domain.csproj", "{5C72001C-D4B9-497D-AA6E-191865737FFC}"
EndProject
Project("{9A19103F-16F7-4668-BE54-9A1E7A4F7556}") = "ETicaretAPI.Application", "Core\ETicaretAPI.Application\ETicaretAPI.Application.csproj", "{3E9E5C4B-F79D-4DFB-BEAB-45C9FFCDB9CA}"
EndProject
Project("{2150E333-8FDC-42A3-9474-1A3956D46DE8}") = "Infrastructure", "Infrastructure", "{BEA67565-7BCB-472E-A06A-F67D51C4B5F3}"
EndProject
Project("{9A19103F-16F7-4668-BE54-9A1E7A4F7556}") = "ETicaretAPI.Persistence", "Infrastructure\ETicaretAPI.Persistence\ETicaretAPI.Persistence.csproj", "{FF5078D9-55D7-4CA9-9B76-CF246F00E6B2}"
EndProject
Project("{2150E333-8FDC-42A3-9474-1A3956D46DE8}") = "Presentation", "Presentation", "{ECDB80D1-1BF5-4484-82A6-C12BDE0BB4DF}"
EndProject
Project("{9A19103F-16F7-4668-BE54-9A1E7A4F7556}") = "ETicaretAPI.API", "Presentation\ETicaretAPI.API\ETicaretAPI.API.csproj", "{9E8A21D7-9B8B-4F39-BE46-2303D49BD03D}"
EndProject
Project("{9A19103F-16F7-4668-BE54-9A1E7A4F7556}") = "ETicaretAPI.Infrastructure", "Infrastructure\ETicaretAPI.Infrastructure\ETicaretAPI.Infrastructure.csproj", "{2431769F-5864-40B3-BA36-3473956AB685}"
EndProject
Global
	GlobalSection(SolutionConfigurationPlatforms) = preSolution
		Debug|Any CPU = Debug|Any CPU
		Release|Any CPU = Release|Any CPU
	EndGlobalSection
	GlobalSection(ProjectConfigurationPlatforms) = postSolution
		{5C72001C-D4B9-497D-AA6E-191865737FFC}.Debug|Any CPU.ActiveCfg = Debug|Any CPU
		{5C72001C-D4B9-497D-AA6E-191865737FFC}.Debug|Any CPU.Build.0 = Debug|Any CPU
		{5C72001C-D4B9-497D-AA6E-191865737FFC}.Release|Any CPU.ActiveCfg = Release|Any CPU
		{5C72001C-D4B9-497D-AA6E-191865737FFC}.Release|Any CPU.Build.0 = Release|Any CPU
		{3E9E5C4B-F79D-4DFB-BEAB-45C9FFCDB9CA}.Debug|Any CPU.ActiveCfg = Debug|Any CPU
		{3E9E5C4B-F79D-4DFB-BEAB-45C9FFCDB9CA}.Debug|Any CPU.Build.0 = Debug|Any CPU
		{3E9E5C4B-F79D-4DFB-BEAB-45C9FFCDB9CA}.Release|Any CPU.ActiveCfg = Release|Any CPU
		{3E9E5C4B-F79D-4DFB-BEAB-45C9FFCDB9CA}.Release|Any CPU.Build.0 = Release|Any CPU
		{FF5078D9-55D7-4CA9-9B76-CF246F00E6B2}.Debug|Any CPU.ActiveCfg = Debug|Any CPU
		{FF5078D9-55D7-4CA9-9B76-CF246F00E6B2}.Debug|Any CPU.Build.0 = Debug|Any CPU
		{FF5078D9-55D7-4CA9-9B76-CF246F00E6B2}.Release|Any CPU.ActiveCfg = Release|Any CPU
		{FF5078D9-55D7-4CA9-9B76-CF246F00E6B2}.Release|Any CPU.Build.0 = Release|Any CPU
		{9E8A21D7-9B8B-4F39-BE46-2303D49BD03D}.Debug|Any CPU.ActiveCfg = Debug|Any CPU
		{9E8A21D7-9B8B-4F39-BE46-2303D49BD03D}.Debug|Any CPU.Build.0 = Debug|Any CPU
		{9E8A21D7-9B8B-4F39-BE46-2303D49BD03D}.Release|Any CPU.ActiveCfg = Release|Any CPU
		{9E8A21D7-9B8B-4F39-BE46-2303D49BD03D}.Release|Any CPU.Build.0 = Release|Any CPU
		{2431769F-5864-40B3-BA36-3473956AB685}.Debug|Any CPU.ActiveCfg = Debug|Any CPU
		{2431769F-5864-40B3-BA36-3473956AB685}.Debug|Any CPU.Build.0 = Debug|Any CPU
		{2431769F-5864-40B3-BA36-3473956AB685}.Release|Any CPU.ActiveCfg = Release|Any CPU
		{2431769F-5864-40B3-BA36-3473956AB685}.Release|Any CPU.Build.0 = Release|Any CPU
	EndGlobalSection
	GlobalSection(SolutionProperties) = preSolution
		HideSolutionNode = FALSE
	EndGlobalSection
	GlobalSection(NestedProjects) = preSolution
		{5C72001C-D4B9-497D-AA6E-191865737FFC} = {B3686017-C3A2-44EF-814C-BDCACEA16DF0}
		{3E9E5C4B-F79D-4DFB-BEAB-45C9FFCDB9CA} = {B3686017-C3A2-44EF-814C-BDCACEA16DF0}
		{FF5078D9-55D7-4CA9-9B76-CF246F00E6B2} = {BEA67565-7BCB-472E-A06A-F67D51C4B5F3}
		{9E8A21D7-9B8B-4F39-BE46-2303D49BD03D} = {ECDB80D1-1BF5-4484-82A6-C12BDE0BB4DF}
		{2431769F-5864-40B3-BA36-3473956AB685} = {BEA67565-7BCB-472E-A06A-F67D51C4B5F3}
	EndGlobalSection
	GlobalSection(ExtensibilityGlobals) = postSolution
		SolutionGuid = {55261815-C057-4198-931B-B35CB6B701DA}
	EndGlobalSection
EndGlobal
